{
  "name": "pulumi-structurizr-iot-architecture",
  "version": "0.0.2",
  "lockfileVersion": 1,
  "requires": true,
  "dependencies": {
    "crypto-js": {
      "version": "3.1.9-1",
      "resolved": "https://registry.npmjs.org/crypto-js/-/crypto-js-3.1.9-1.tgz",
      "integrity": "sha1-/aGedh/Ad+Af+/3G6f38WeiAbNg="
    },
    "structurizr-typescript": {
      "version": "0.0.5",
      "resolved": "https://registry.npmjs.org/structurizr-typescript/-/structurizr-typescript-0.0.5.tgz",
      "integrity": "sha512-WB2oZf5N70qxYVuoU+XqPXFrs3bhZdP7+qXMg/q9gyKRccs04fGIRA7iZB7kWoyNCRczujRnLwDmNW0AUauhqg==",
      "requires": {
        "crypto-js": "3.1.9-1"
      }
    },
    "typescript": {
      "version": "3.5.3",
      "resolved": "https://registry.npmjs.org/typescript/-/typescript-3.5.3.tgz",
      "integrity": "sha512-ACzBtm/PhXBDId6a6sDJfroT2pOWt/oOnk4/dElG5G33ZL776N3Y6/6bKZJBFpd+b05F3Ct9qDjMeJmRWtE2/g==",
      "dev": true
    }
  }
}
